
Microsoft Visual Studio Solution File, Format Version 12.00
# Visual Studio Version 17
VisualStudioVersion = 17.0.31903.59
MinimumVisualStudioVersion = 10.0.40219.1
Project("{9A19103F-16F7-4668-BE54-9A1E7A4F7556}") = "NEC.Entities", "NEC.Entities\NEC.Entities.csproj", "{E9B3886B-5C64-449F-A906-DCA88490FDEF}"
EndProject
Project("{2150E333-8FDC-42A3-9474-1A3956D46DE8}") = "Enterprise Busines Rules", "Enterprise Busines Rules", "{0C0FF7A5-34D6-4E1C-B94A-4D863FC9422F}"
EndProject
Project("{2150E333-8FDC-42A3-9474-1A3956D46DE8}") = "Application Bussines Rules", "Application Bussines Rules", "{88A598E2-AB41-4BC2-858A-BD03332AE20E}"
EndProject
Project("{9A19103F-16F7-4668-BE54-9A1E7A4F7556}") = "NEC.Crypto.Entities", "NEC.Crypto.Entities\NEC.Crypto.Entities.csproj", "{12DFFD5C-7F60-4E7B-84D2-6964A0DB092B}"
EndProject
Project("{9A19103F-16F7-4668-BE54-9A1E7A4F7556}") = "NEC.Crypto.DTOs", "NEC.Crypto.DTOs\NEC.Crypto.DTOs.csproj", "{88F1EC03-2E36-4A4E-BAFC-3E716EA5F6FB}"
EndProject
Project("{9A19103F-16F7-4668-BE54-9A1E7A4F7556}") = "NEC.Crypto.UseCases", "NEC.Crypto.UseCases\NEC.Crypto.UseCases.csproj", "{C5E2B2A4-9DD6-4C26-A63B-D88270730C13}"
EndProject
Project("{9A19103F-16F7-4668-BE54-9A1E7A4F7556}") = "NEC.Crypto.UseCasePorts", "NEC.Crypto.UseCasePorts\NEC.Crypto.UseCasePorts.csproj", "{ED9EB128-67FA-48D4-A13C-ABB92213AA50}"
EndProject
Project("{2150E333-8FDC-42A3-9474-1A3956D46DE8}") = "Interface Adapters", "Interface Adapters", "{D59565B0-9345-40D4-9DFB-C74E41DB4C78}"
EndProject
Project("{2150E333-8FDC-42A3-9474-1A3956D46DE8}") = "Gateways", "Gateways", "{8FB56F46-CF72-4BE7-B586-2B7E6489D5B5}"
EndProject
Project("{9A19103F-16F7-4668-BE54-9A1E7A4F7556}") = "NEC.Crypto.Loggers", "NEC.Loggers\NEC.Crypto.Loggers.csproj", "{BF91C331-5CD8-489F-8F60-4DB332C58024}"
EndProject
Project("{9A19103F-16F7-4668-BE54-9A1E7A4F7556}") = "NEC.Crypto.HttpRequests", "NEC.HttpRequests\NEC.Crypto.HttpRequests.csproj", "{0007F0C2-FA45-4DD3-9BFD-26D7AF1A9A69}"
EndProject
Project("{2150E333-8FDC-42A3-9474-1A3956D46DE8}") = "Controllers", "Controllers", "{5F122353-6189-4EE3-8221-1E03B6D41FAC}"
EndProject
Project("{9A19103F-16F7-4668-BE54-9A1E7A4F7556}") = "NEC.Crypto.Controllers", "NEC.Crypto.Controllers\NEC.Crypto.Controllers.csproj", "{DF9859A5-D05A-417A-9191-2A561102F711}"
EndProject
Project("{2150E333-8FDC-42A3-9474-1A3956D46DE8}") = "Presenters", "Presenters", "{ED88463A-4B4D-4462-8F62-C5D573565A80}"
EndProject
Project("{9A19103F-16F7-4668-BE54-9A1E7A4F7556}") = "NEC.Crypto.Presenters", "NEC.Crypto.Presenters\NEC.Crypto.Presenters.csproj", "{F2FD0C53-1FA4-4578-977A-A0DCBD0685FB}"
EndProject
Project("{2150E333-8FDC-42A3-9474-1A3956D46DE8}") = "Frameworks And Drivers", "Frameworks And Drivers", "{0996FBBD-BF9C-4B6D-923A-61E751F65558}"
EndProject
Project("{2150E333-8FDC-42A3-9474-1A3956D46DE8}") = "UI", "UI", "{CE6DB7DF-BC12-484B-B6AC-3ABDA5E34642}"
EndProject
Project("{9A19103F-16F7-4668-BE54-9A1E7A4F7556}") = "NEC.Crypto.Api", "NEC.Crypto.Api\NEC.Crypto.Api.csproj", "{F258D129-FDFC-469F-B7FC-C37FBC7FC878}"
EndProject
Project("{9A19103F-16F7-4668-BE54-9A1E7A4F7556}") = "NEC.Crypto.Blazor.Client", "NEC.Crypto.Blazor\Client\NEC.Crypto.Blazor.Client.csproj", "{B2793068-BFE3-4C21-A59C-CB482CB793DB}"
EndProject
Project("{2150E333-8FDC-42A3-9474-1A3956D46DE8}") = "ViewModels", "ViewModels", "{D5A29D20-DF59-45D9-8BB7-31B2120A937F}"
EndProject
Project("{9A19103F-16F7-4668-BE54-9A1E7A4F7556}") = "NEC.Crypto.ViewModels", "NEC.Crypto.ViewModels\NEC.Crypto.ViewModels.csproj", "{AE8F76BF-0713-4C23-B288-432D35E957AE}"
EndProject
Global
	GlobalSection(SolutionConfigurationPlatforms) = preSolution
		Debug|Any CPU = Debug|Any CPU
		Release|Any CPU = Release|Any CPU
	EndGlobalSection
	GlobalSection(ProjectConfigurationPlatforms) = postSolution
		{E9B3886B-5C64-449F-A906-DCA88490FDEF}.Debug|Any CPU.ActiveCfg = Debug|Any CPU
		{E9B3886B-5C64-449F-A906-DCA88490FDEF}.Debug|Any CPU.Build.0 = Debug|Any CPU
		{E9B3886B-5C64-449F-A906-DCA88490FDEF}.Release|Any CPU.ActiveCfg = Release|Any CPU
		{E9B3886B-5C64-449F-A906-DCA88490FDEF}.Release|Any CPU.Build.0 = Release|Any CPU
		{12DFFD5C-7F60-4E7B-84D2-6964A0DB092B}.Debug|Any CPU.ActiveCfg = Debug|Any CPU
		{12DFFD5C-7F60-4E7B-84D2-6964A0DB092B}.Debug|Any CPU.Build.0 = Debug|Any CPU
		{12DFFD5C-7F60-4E7B-84D2-6964A0DB092B}.Release|Any CPU.ActiveCfg = Release|Any CPU
		{12DFFD5C-7F60-4E7B-84D2-6964A0DB092B}.Release|Any CPU.Build.0 = Release|Any CPU
		{88F1EC03-2E36-4A4E-BAFC-3E716EA5F6FB}.Debug|Any CPU.ActiveCfg = Debug|Any CPU
		{88F1EC03-2E36-4A4E-BAFC-3E716EA5F6FB}.Debug|Any CPU.Build.0 = Debug|Any CPU
		{88F1EC03-2E36-4A4E-BAFC-3E716EA5F6FB}.Release|Any CPU.ActiveCfg = Release|Any CPU
		{88F1EC03-2E36-4A4E-BAFC-3E716EA5F6FB}.Release|Any CPU.Build.0 = Release|Any CPU
		{C5E2B2A4-9DD6-4C26-A63B-D88270730C13}.Debug|Any CPU.ActiveCfg = Debug|Any CPU
		{C5E2B2A4-9DD6-4C26-A63B-D88270730C13}.Debug|Any CPU.Build.0 = Debug|Any CPU
		{C5E2B2A4-9DD6-4C26-A63B-D88270730C13}.Release|Any CPU.ActiveCfg = Release|Any CPU
		{C5E2B2A4-9DD6-4C26-A63B-D88270730C13}.Release|Any CPU.Build.0 = Release|Any CPU
		{ED9EB128-67FA-48D4-A13C-ABB92213AA50}.Debug|Any CPU.ActiveCfg = Debug|Any CPU
		{ED9EB128-67FA-48D4-A13C-ABB92213AA50}.Debug|Any CPU.Build.0 = Debug|Any CPU
		{ED9EB128-67FA-48D4-A13C-ABB92213AA50}.Release|Any CPU.ActiveCfg = Release|Any CPU
		{ED9EB128-67FA-48D4-A13C-ABB92213AA50}.Release|Any CPU.Build.0 = Release|Any CPU
		{BF91C331-5CD8-489F-8F60-4DB332C58024}.Debug|Any CPU.ActiveCfg = Debug|Any CPU
		{BF91C331-5CD8-489F-8F60-4DB332C58024}.Debug|Any CPU.Build.0 = Debug|Any CPU
		{BF91C331-5CD8-489F-8F60-4DB332C58024}.Release|Any CPU.ActiveCfg = Release|Any CPU
		{BF91C331-5CD8-489F-8F60-4DB332C58024}.Release|Any CPU.Build.0 = Release|Any CPU
		{0007F0C2-FA45-4DD3-9BFD-26D7AF1A9A69}.Debug|Any CPU.ActiveCfg = Debug|Any CPU
		{0007F0C2-FA45-4DD3-9BFD-26D7AF1A9A69}.Debug|Any CPU.Build.0 = Debug|Any CPU
		{0007F0C2-FA45-4DD3-9BFD-26D7AF1A9A69}.Release|Any CPU.ActiveCfg = Release|Any CPU
		{0007F0C2-FA45-4DD3-9BFD-26D7AF1A9A69}.Release|Any CPU.Build.0 = Release|Any CPU
		{DF9859A5-D05A-417A-9191-2A561102F711}.Debug|Any CPU.ActiveCfg = Debug|Any CPU
		{DF9859A5-D05A-417A-9191-2A561102F711}.Debug|Any CPU.Build.0 = Debug|Any CPU
		{DF9859A5-D05A-417A-9191-2A561102F711}.Release|Any CPU.ActiveCfg = Release|Any CPU
		{DF9859A5-D05A-417A-9191-2A561102F711}.Release|Any CPU.Build.0 = Release|Any CPU
		{F2FD0C53-1FA4-4578-977A-A0DCBD0685FB}.Debug|Any CPU.ActiveCfg = Debug|Any CPU
		{F2FD0C53-1FA4-4578-977A-A0DCBD0685FB}.Debug|Any CPU.Build.0 = Debug|Any CPU
		{F2FD0C53-1FA4-4578-977A-A0DCBD0685FB}.Release|Any CPU.ActiveCfg = Release|Any CPU
		{F2FD0C53-1FA4-4578-977A-A0DCBD0685FB}.Release|Any CPU.Build.0 = Release|Any CPU
		{F258D129-FDFC-469F-B7FC-C37FBC7FC878}.Debug|Any CPU.ActiveCfg = Debug|Any CPU
		{F258D129-FDFC-469F-B7FC-C37FBC7FC878}.Debug|Any CPU.Build.0 = Debug|Any CPU
		{F258D129-FDFC-469F-B7FC-C37FBC7FC878}.Release|Any CPU.ActiveCfg = Release|Any CPU
		{F258D129-FDFC-469F-B7FC-C37FBC7FC878}.Release|Any CPU.Build.0 = Release|Any CPU
		{B2793068-BFE3-4C21-A59C-CB482CB793DB}.Debug|Any CPU.ActiveCfg = Debug|Any CPU
		{B2793068-BFE3-4C21-A59C-CB482CB793DB}.Debug|Any CPU.Build.0 = Debug|Any CPU
		{B2793068-BFE3-4C21-A59C-CB482CB793DB}.Release|Any CPU.ActiveCfg = Release|Any CPU
		{B2793068-BFE3-4C21-A59C-CB482CB793DB}.Release|Any CPU.Build.0 = Release|Any CPU
		{AE8F76BF-0713-4C23-B288-432D35E957AE}.Debug|Any CPU.ActiveCfg = Debug|Any CPU
		{AE8F76BF-0713-4C23-B288-432D35E957AE}.Debug|Any CPU.Build.0 = Debug|Any CPU
		{AE8F76BF-0713-4C23-B288-432D35E957AE}.Release|Any CPU.ActiveCfg = Release|Any CPU
		{AE8F76BF-0713-4C23-B288-432D35E957AE}.Release|Any CPU.Build.0 = Release|Any CPU
	EndGlobalSection
	GlobalSection(SolutionProperties) = preSolution
		HideSolutionNode = FALSE
	EndGlobalSection
	GlobalSection(NestedProjects) = preSolution
		{E9B3886B-5C64-449F-A906-DCA88490FDEF} = {0C0FF7A5-34D6-4E1C-B94A-4D863FC9422F}
		{12DFFD5C-7F60-4E7B-84D2-6964A0DB092B} = {88A598E2-AB41-4BC2-858A-BD03332AE20E}
		{88F1EC03-2E36-4A4E-BAFC-3E716EA5F6FB} = {88A598E2-AB41-4BC2-858A-BD03332AE20E}
		{C5E2B2A4-9DD6-4C26-A63B-D88270730C13} = {88A598E2-AB41-4BC2-858A-BD03332AE20E}
		{ED9EB128-67FA-48D4-A13C-ABB92213AA50} = {88A598E2-AB41-4BC2-858A-BD03332AE20E}
		{8FB56F46-CF72-4BE7-B586-2B7E6489D5B5} = {D59565B0-9345-40D4-9DFB-C74E41DB4C78}
		{BF91C331-5CD8-489F-8F60-4DB332C58024} = {8FB56F46-CF72-4BE7-B586-2B7E6489D5B5}
		{0007F0C2-FA45-4DD3-9BFD-26D7AF1A9A69} = {8FB56F46-CF72-4BE7-B586-2B7E6489D5B5}
		{5F122353-6189-4EE3-8221-1E03B6D41FAC} = {D59565B0-9345-40D4-9DFB-C74E41DB4C78}
		{DF9859A5-D05A-417A-9191-2A561102F711} = {5F122353-6189-4EE3-8221-1E03B6D41FAC}
		{ED88463A-4B4D-4462-8F62-C5D573565A80} = {D59565B0-9345-40D4-9DFB-C74E41DB4C78}
		{F2FD0C53-1FA4-4578-977A-A0DCBD0685FB} = {ED88463A-4B4D-4462-8F62-C5D573565A80}
		{CE6DB7DF-BC12-484B-B6AC-3ABDA5E34642} = {0996FBBD-BF9C-4B6D-923A-61E751F65558}
		{F258D129-FDFC-469F-B7FC-C37FBC7FC878} = {CE6DB7DF-BC12-484B-B6AC-3ABDA5E34642}
		{B2793068-BFE3-4C21-A59C-CB482CB793DB} = {CE6DB7DF-BC12-484B-B6AC-3ABDA5E34642}
		{D5A29D20-DF59-45D9-8BB7-31B2120A937F} = {D59565B0-9345-40D4-9DFB-C74E41DB4C78}
		{AE8F76BF-0713-4C23-B288-432D35E957AE} = {D5A29D20-DF59-45D9-8BB7-31B2120A937F}
	EndGlobalSection
	GlobalSection(ExtensibilityGlobals) = postSolution
		SolutionGuid = {EA35A513-CD37-4C82-B079-00E3FB810781}
	EndGlobalSection
EndGlobal
